<?xml version="1.0" encoding="utf-8"?>
<Project ToolsVersion="4.0" xmlns="http://schemas.microsoft.com/developer/msbuild/2003">
  <ItemGroup>
    <ClCompile Include="Source\SceneFactory.cpp" />
    <ClCompile Include="ImGui\imgui.cpp">
      <Filter>ImGUI</Filter>
    </ClCompile>
    <ClCompile Include="ImGui\imgui_draw.cpp">
      <Filter>ImGUI</Filter>
    </ClCompile>
    <ClCompile Include="ImGui\imgui_impl_dx9.cpp">
      <Filter>ImGUI</Filter>
    </ClCompile>
    <ClCompile Include="ImGui\imgui_impl_dx11.cpp">
      <Filter>ImGUI</Filter>
    </ClCompile>
    <ClCompile Include="ImGui\imgui_impl_win32.cpp">
      <Filter>ImGUI</Filter>
    </ClCompile>
    <ClCompile Include="ImGui\imgui_ja_gryph_ranges.cpp">
      <Filter>ImGUI</Filter>
    </ClCompile>
    <ClCompile Include="ImGui\imgui_tables.cpp">
      <Filter>ImGUI</Filter>
    </ClCompile>
    <ClCompile Include="ImGui\imgui_widgets.cpp">
      <Filter>ImGUI</Filter>
    </ClCompile>
    <ClCompile Include="Library\App.cpp">
      <Filter>Library</Filter>
    </ClCompile>
    <ClCompile Include="Library\main.cpp">
      <Filter>Library</Filter>
    </ClCompile>
    <ClCompile Include="Library\ObjectManager.cpp">
      <Filter>Library</Filter>
    </ClCompile>
    <ClCompile Include="Library\SceneManager.cpp">
      <Filter>Library</Filter>
    </ClCompile>
    <ClCompile Include="Library\Time.cpp">
      <Filter>Library</Filter>
    </ClCompile>
    <ClCompile Include="Source\BootScene.cpp">
      <Filter>BootScene</Filter>
    </ClCompile>
    <ClCompile Include="Source\PlayScene\PlayScene.cpp">
      <Filter>PlayScene</Filter>
    </ClCompile>
    <ClCompile Include="Source\TitleScene\TitleScene.cpp">
      <Filter>TitleScene</Filter>
    </ClCompile>
    <ClCompile Include="Source\ResultScene\ResultScene.cpp">
      <Filter>ResultScene</Filter>
    </ClCompile>
    <ClCompile Include="MyLibrary\CsvReader.cpp">
      <Filter>MyLibrary</Filter>
    </ClCompile>
    <ClCompile Include="MyLibrary\Input.cpp">
      <Filter>MyLibrary</Filter>
    </ClCompile>
    <ClCompile Include="MyLibrary\Object2D.cpp">
      <Filter>MyLibrary</Filter>
    </ClCompile>
    <ClCompile Include="MyLibrary\Object3D.cpp">
      <Filter>MyLibrary</Filter>
    </ClCompile>
    <ClCompile Include="Source\PlayScene\Stage\Stage.cpp">
      <Filter>PlayScene\Stage</Filter>
    </ClCompile>
    <ClCompile Include="Source\PlayScene\Stage\StageObject.cpp">
      <Filter>PlayScene\Stage</Filter>
    </ClCompile>
    <ClCompile Include="Source\PlayScene\Player\Player.cpp">
      <Filter>PlayScene\Player</Filter>
    </ClCompile>
    <ClCompile Include="Source\PlayScene\Player\Gun.cpp">
      <Filter>PlayScene\Player</Filter>
    </ClCompile>
    <ClCompile Include="MyLibrary\Light.cpp">
      <Filter>MyLibrary</Filter>
    </ClCompile>
    <ClCompile Include="Source\PlayScene\Enemy\Enemy.cpp">
      <Filter>PlayScene\Enemy</Filter>
    </ClCompile>
    <ClCompile Include="Source\PlayScene\Camera\Camera.cpp">
      <Filter>PlayScene\Camera</Filter>
    </ClCompile>
    <ClCompile Include="Source\Data.cpp" />
    <ClCompile Include="Source\PlayScene\Enemy\Stone.cpp">
      <Filter>PlayScene\Enemy</Filter>
    </ClCompile>
    <ClCompile Include="Source\PlayScene\Enemy\Touhu.cpp">
      <Filter>PlayScene\Enemy</Filter>
    </ClCompile>
    <ClCompile Include="MyLibrary\Collision.cpp">
      <Filter>MyLibrary</Filter>
    </ClCompile>
  </ItemGroup>
  <ItemGroup>
    <ClInclude Include="Source\Screen.h" />
    <ClInclude Include="Source\SceneFactory.h" />
    <ClInclude Include="ImGui\imconfig.h">
      <Filter>ImGUI</Filter>
    </ClInclude>
    <ClInclude Include="ImGui\imgui.h">
      <Filter>ImGUI</Filter>
    </ClInclude>
    <ClInclude Include="ImGui\imgui_impl_dx9.h">
      <Filter>ImGUI</Filter>
    </ClInclude>
    <ClInclude Include="ImGui\imgui_impl_dx11.h">
      <Filter>ImGUI</Filter>
    </ClInclude>
    <ClInclude Include="ImGui\imgui_impl_dxlib.hpp">
      <Filter>ImGUI</Filter>
    </ClInclude>
    <ClInclude Include="ImGui\imgui_impl_win32.h">
      <Filter>ImGUI</Filter>
    </ClInclude>
    <ClInclude Include="ImGui\imgui_internal.h">
      <Filter>ImGUI</Filter>
    </ClInclude>
    <ClInclude Include="ImGui\imstb_rectpack.h">
      <Filter>ImGUI</Filter>
    </ClInclude>
    <ClInclude Include="ImGui\imstb_textedit.h">
      <Filter>ImGUI</Filter>
    </ClInclude>
    <ClInclude Include="ImGui\imstb_truetype.h">
      <Filter>ImGUI</Filter>
    </ClInclude>
    <ClInclude Include="Library\App.h">
      <Filter>Library</Filter>
    </ClInclude>
    <ClInclude Include="Library\ObjectManager.h">
      <Filter>Library</Filter>
    </ClInclude>
    <ClInclude Include="Library\GameObject.h">
      <Filter>Library</Filter>
    </ClInclude>
    <ClInclude Include="Library\SceneManager.h">
      <Filter>Library</Filter>
    </ClInclude>
    <ClInclude Include="Library\Time.h">
      <Filter>Library</Filter>
    </ClInclude>
    <ClInclude Include="Library\SceneBase.h">
      <Filter>Library</Filter>
    </ClInclude>
    <ClInclude Include="Library\myDxLib.h">
      <Filter>Library</Filter>
    </ClInclude>
    <ClInclude Include="Source\BootScene.h">
      <Filter>BootScene</Filter>
    </ClInclude>
    <ClInclude Include="Source\PlayScene\PlayScene.h">
      <Filter>PlayScene</Filter>
    </ClInclude>
    <ClInclude Include="Source\TitleScene\TitleScene.h">
      <Filter>TitleScene</Filter>
    </ClInclude>
    <ClInclude Include="Source\ResultScene\ResultScene.h">
      <Filter>ResultScene</Filter>
    </ClInclude>
    <ClInclude Include="MyLibrary\Color.h">
      <Filter>MyLibrary</Filter>
    </ClInclude>
    <ClInclude Include="MyLibrary\CsvReader.h">
      <Filter>MyLibrary</Filter>
    </ClInclude>
    <ClInclude Include="MyLibrary\Input.h">
      <Filter>MyLibrary</Filter>
    </ClInclude>
    <ClInclude Include="MyLibrary\Object2D.h">
      <Filter>MyLibrary</Filter>
    </ClInclude>
    <ClInclude Include="MyLibrary\Object3D.h">
      <Filter>MyLibrary</Filter>
    </ClInclude>
    <ClInclude Include="Source\PlayScene\Stage\Stage.h">
      <Filter>PlayScene\Stage</Filter>
    </ClInclude>
    <ClInclude Include="Source\PlayScene\Stage\StageObject.h">
      <Filter>PlayScene\Stage</Filter>
    </ClInclude>
    <ClInclude Include="Source\PlayScene\Camera\Camera.h">
      <Filter>PlayScene\Camera</Filter>
    </ClInclude>
    <ClInclude Include="Source\PlayScene\Player\Player.h">
      <Filter>PlayScene\Player</Filter>
    </ClInclude>
    <ClInclude Include="Source\PlayScene\Player\Gun.h">
      <Filter>PlayScene\Player</Filter>
    </ClInclude>
    <ClInclude Include="MyLibrary\Light.h">
      <Filter>MyLibrary</Filter>
    </ClInclude>
    <ClInclude Include="Source\PlayScene\Enemy\Enemy.h">
      <Filter>PlayScene\Enemy</Filter>
    </ClInclude>
    <ClInclude Include="Source\Data.h" />
    <ClInclude Include="Source\PlayScene\Enemy\Stone.h">
      <Filter>PlayScene\Enemy</Filter>
    </ClInclude>
    <ClInclude Include="Source\PlayScene\Enemy\Touhu.h">
      <Filter>PlayScene\Enemy</Filter>
    </ClInclude>
    <ClInclude Include="MyLibrary\Collision.h">
      <Filter>MyLibrary</Filter>
    </ClInclude>
  </ItemGroup>
  <ItemGroup>
    <Filter Include="Library">
      <UniqueIdentifier>{5fb3f44e-3bfe-4b8c-b744-e3f7e9212b99}</UniqueIdentifier>
    </Filter>
    <Filter Include="ImGUI">
      <UniqueIdentifier>{6e4e5e47-ba6c-4981-8ba4-82e7e4e89b95}</UniqueIdentifier>
    </Filter>
    <Filter Include="BootScene">
      <UniqueIdentifier>{f2013283-74ca-43a3-b381-3b28b3d17b4b}</UniqueIdentifier>
    </Filter>
    <Filter Include="PlayScene">
      <UniqueIdentifier>{a1e211d0-605a-4250-b82a-b95ba1cd34fa}</UniqueIdentifier>
    </Filter>
    <Filter Include="TitleScene">
      <UniqueIdentifier>{1aef68d4-e48a-4a9e-b9b2-6a8bbfd5ab06}</UniqueIdentifier>
    </Filter>
    <Filter Include="ResultScene">
      <UniqueIdentifier>{49c2e903-ef09-463f-8404-5fd122430457}</UniqueIdentifier>
    </Filter>
    <Filter Include="MyLibrary">
      <UniqueIdentifier>{6d45bd64-df5e-4d90-b014-0a177992e646}</UniqueIdentifier>
    </Filter>
    <Filter Include="PlayScene\Stage">
      <UniqueIdentifier>{0005d6eb-0704-4d2c-a77b-18984df6776b}</UniqueIdentifier>
    </Filter>
    <Filter Include="PlayScene\Enemy">
      <UniqueIdentifier>{3fb231c5-b2ee-4c32-ad45-d91946a650b6}</UniqueIdentifier>
    </Filter>
    <Filter Include="PlayScene\Player">
      <UniqueIdentifier>{c83f4977-bd2a-40d6-b0ad-0fe51a3dea54}</UniqueIdentifier>
    </Filter>
    <Filter Include="PlayScene\Camera">
      <UniqueIdentifier>{ae98e7fe-0776-4c2b-90ac-913fdcadf5b3}</UniqueIdentifier>
    </Filter>
  </ItemGroup>
</Project>